
Microsoft Visual Studio Solution File, Format Version 12.00
# Visual Studio Version 17
VisualStudioVersion = 17.9.34902.65
MinimumVisualStudioVersion = 10.0.40219.1
Project("{FAE04EC0-301F-11D3-BF4B-00C04F79EFBC}") = "FinalProject", "FinalProject\FinalProject.csproj", "{4AE4450C-917E-4ACE-9AC4-DA56DAC59DF2}"
EndProject
Global
	GlobalSection(SolutionConfigurationPlatforms) = preSolution
		Debug|Any CPU = Debug|Any CPU
		Release|Any CPU = Release|Any CPU
	EndGlobalSection
	GlobalSection(ProjectConfigurationPlatforms) = postSolution
		{4AE4450C-917E-4ACE-9AC4-DA56DAC59DF2}.Debug|Any CPU.ActiveCfg = Debug|Any CPU
		{4AE4450C-917E-4ACE-9AC4-DA56DAC59DF2}.Debug|Any CPU.Build.0 = Debug|Any CPU
		{4AE4450C-917E-4ACE-9AC4-DA56DAC59DF2}.Release|Any CPU.ActiveCfg = Release|Any CPU
		{4AE4450C-917E-4ACE-9AC4-DA56DAC59DF2}.Release|Any CPU.Build.0 = Release|Any CPU
	EndGlobalSection
	GlobalSection(SolutionProperties) = preSolution
		HideSolutionNode = FALSE
	EndGlobalSection
	GlobalSection(ExtensibilityGlobals) = postSolution
		SolutionGuid = {97D868B1-7F5D-4CB0-8C3C-7D8A89792ACB}
	EndGlobalSection
EndGlobal
